
Microsoft Visual Studio Solution File, Format Version 12.00
# Visual Studio Version 17
VisualStudioVersion = 17.0.31903.59
MinimumVisualStudioVersion = 10.0.40219.1
Project("{2150E333-8FDC-42A3-9474-1A3956D46DE8}") = "src", "src", "{AB6341B3-2E56-4088-938C-939F5FC4A319}"
EndProject
Project("{9A19103F-16F7-4668-BE54-9A1E7A4F7556}") = "IdentityServer", "src\IdentityServer\IdentityServer.csproj", "{796A3B88-5D96-4E1F-A11D-1CF6EA70101C}"
EndProject
Project("{9A19103F-16F7-4668-BE54-9A1E7A4F7556}") = "Api", "src\Api\Api.csproj", "{6576183C-FC25-4167-AEEC-F87D03B7A1DF}"
EndProject
Global
	GlobalSection(SolutionConfigurationPlatforms) = preSolution
		Debug|Any CPU = Debug|Any CPU
		Release|Any CPU = Release|Any CPU
	EndGlobalSection
	GlobalSection(ProjectConfigurationPlatforms) = postSolution
		{796A3B88-5D96-4E1F-A11D-1CF6EA70101C}.Debug|Any CPU.ActiveCfg = Debug|Any CPU
		{796A3B88-5D96-4E1F-A11D-1CF6EA70101C}.Debug|Any CPU.Build.0 = Debug|Any CPU
		{796A3B88-5D96-4E1F-A11D-1CF6EA70101C}.Release|Any CPU.ActiveCfg = Release|Any CPU
		{796A3B88-5D96-4E1F-A11D-1CF6EA70101C}.Release|Any CPU.Build.0 = Release|Any CPU
		{6576183C-FC25-4167-AEEC-F87D03B7A1DF}.Debug|Any CPU.ActiveCfg = Debug|Any CPU
		{6576183C-FC25-4167-AEEC-F87D03B7A1DF}.Debug|Any CPU.Build.0 = Debug|Any CPU
		{6576183C-FC25-4167-AEEC-F87D03B7A1DF}.Release|Any CPU.ActiveCfg = Release|Any CPU
		{6576183C-FC25-4167-AEEC-F87D03B7A1DF}.Release|Any CPU.Build.0 = Release|Any CPU
	EndGlobalSection
	GlobalSection(SolutionProperties) = preSolution
		HideSolutionNode = FALSE
	EndGlobalSection
	GlobalSection(NestedProjects) = preSolution
		{796A3B88-5D96-4E1F-A11D-1CF6EA70101C} = {AB6341B3-2E56-4088-938C-939F5FC4A319}
		{6576183C-FC25-4167-AEEC-F87D03B7A1DF} = {AB6341B3-2E56-4088-938C-939F5FC4A319}
	EndGlobalSection
	GlobalSection(ExtensibilityGlobals) = postSolution
		SolutionGuid = {3A04BFB9-EE1F-4512-9F18-3EE1C61A68B4}
	EndGlobalSection
EndGlobal
